// !$*UTF8*$!
{
	archiveVersion = 1;
	classes = {
	};
	objectVersion = 77;
	objects = {

/* Begin PBXContainerItemProxy section */
		84E30D192EDB75EE004A2614 /* PBXContainerItemProxy */ = {
			isa = PBXContainerItemProxy;
			containerPortal = 84E30CFA2EDB75EC004A2614 /* Project object */;
			proxyType = 1;
			remoteGlobalIDString = 84E30D012EDB75ED004A2614;
			remoteInfo = JustForMe;
		};
		84E30D232EDB75EE004A2614 /* PBXContainerItemProxy */ = {
			isa = PBXContainerItemProxy;
			containerPortal = 84E30CFA2EDB75EC004A2614 /* Project object */;
			proxyType = 1;
			remoteGlobalIDString = 84E30D012EDB75ED004A2614;
			remoteInfo = JustForMe;
		};
/* End PBXContainerItemProxy section */

/* Begin PBXFileReference section */
		84E30D022EDB75ED004A2614 /* JustForMe.app */ = {isa = PBXFileReference; explicitFileType = wrapper.application; includeInIndex = 0; path = JustForMe.app; sourceTree = BUILT_PRODUCTS_DIR; };
		84E30D182EDB75EE004A2614 /* JustForMeTests.xctest */ = {isa = PBXFileReference; explicitFileType = wrapper.cfbundle; includeInIndex = 0; path = JustForMeTests.xctest; sourceTree = BUILT_PRODUCTS_DIR; };
		84E30D222EDB75EE004A2614 /* JustForMeUITests.xctest */ = {isa = PBXFileReference; explicitFileType = wrapper.cfbundle; includeInIndex = 0; path = JustForMeUITests.xctest; sourceTree = BUILT_PRODUCTS_DIR; };
/* End PBXFileReference section */

/* Begin PBXFileSystemSynchronizedBuildFileExceptionSet section */
		84E30D2A2EDB75EE004A2614 /* Exceptions for "JustForMe" folder in "JustForMe" target */ = {
			isa = PBXFileSystemSynchronizedBuildFileExceptionSet;
			membershipExceptions = (
				Info.plist,
			);
			target = 84E30D012EDB75ED004A2614 /* JustForMe */;
		};
/* End PBXFileSystemSynchronizedBuildFileExceptionSet section */

/* Begin PBXFileSystemSynchronizedRootGroup section */
		84E30D042EDB75ED004A2614 /* JustForMe */ = {
			isa = PBXFileSystemSynchronizedRootGroup;
			exceptions = (
				84E30D2A2EDB75EE004A2614 /* Exceptions for "JustForMe" folder in "JustForMe" target */,
			);
			path = JustForMe;
			sourceTree = "<group>";
		};
		84E30D1B2EDB75EE004A2614 /* JustForMeTests */ = {
			isa = PBXFileSystemSynchronizedRootGroup;
			path = JustForMeTests;
			sourceTree = "<group>";
		};
		84E30D252EDB75EE004A2614 /* JustForMeUITests */ = {
			isa = PBXFileSystemSynchronizedRootGroup;
			path = JustForMeUITests;
			sourceTree = "<group>";
		};
/* End PBXFileSystemSynchronizedRootGroup section */

/* Begin PBXFrameworksBuildPhase section */
		84E30CFF2EDB75ED004A2614 /* Frameworks */ = {
			isa = PBXFrameworksBuildPhase;
			buildActionMask = 2147483647;
			files = (
			);
			runOnlyForDeploymentPostprocessing = 0;
		};
		84E30D152EDB75EE004A2614 /* Frameworks */ = {
			isa = PBXFrameworksBuildPhase;
			buildActionMask = 2147483647;
			files = (
			);
			runOnlyForDeploymentPostprocessing = 0;
		};
		84E30D1F2EDB75EE004A2614 /* Frameworks */ = {
			isa = PBXFrameworksBuildPhase;
			buildActionMask = 2147483647;
			files = (
			);
			runOnlyForDeploymentPostprocessing = 0;
		};
/* End PBXFrameworksBuildPhase section */

/* Begin PBXGroup section */
		84E30CF92EDB75EC004A2614 = {
			isa = PBXGroup;
			children = (
				84E30D042EDB75ED004A2614 /* JustForMe */,
				84E30D1B2EDB75EE004A2614 /* JustForMeTests */,
				84E30D252EDB75EE004A2614 /* JustForMeUITests */,
				84E30D032EDB75ED004A2614 /* Products */,
			);
			sourceTree = "<group>";
		};
		84E30D032EDB75ED004A2614 /* Products */ = {
			isa = PBXGroup;
			children = (
				84E30D022EDB75ED004A2614 /* JustForMe.app */,
				84E30D182EDB75EE004A2614 /* JustForMeTests.xctest */,
				84E30D222EDB75EE004A2614 /* JustForMeUITests.xctest */,
			);
			name = Products;
			sourceTree = "<group>";
		};
/* End PBXGroup section */

/* Begin PBXNativeTarget section */
		84E30D012EDB75ED004A2614 /* JustForMe */ = {
			isa = PBXNativeTarget;
			buildConfigurationList = 84E30D2B2EDB75EE004A2614 /* Build configuration list for PBXNativeTarget "JustForMe" */;
			buildPhases = (
				84E30CFE2EDB75ED004A2614 /* Sources */,
				84E30CFF2EDB75ED004A2614 /* Frameworks */,
				84E30D002EDB75ED004A2614 /* Resources */,
			);
			buildRules = (
			);
			dependencies = (
			);
			fileSystemSynchronizedGroups = (
				84E30D042EDB75ED004A2614 /* JustForMe */,
			);
			name = JustForMe;
			packageProductDependencies = (
			);
			productName = JustForMe;
			productReference = 84E30D022EDB75ED004A2614 /* JustForMe.app */;
			productType = "com.apple.product-type.application";
		};
		84E30D172EDB75EE004A2614 /* JustForMeTests */ = {
			isa = PBXNativeTarget;
			buildConfigurationList = 84E30D302EDB75EE004A2614 /* Build configuration list for PBXNativeTarget "JustForMeTests" */;
			buildPhases = (
				84E30D142EDB75EE004A2614 /* Sources */,
				84E30D152EDB75EE004A2614 /* Frameworks */,
				84E30D162EDB75EE004A2614 /* Resources */,
			);
			buildRules = (
			);
			dependencies = (
				84E30D1A2EDB75EE004A2614 /* PBXTargetDependency */,
			);
			fileSystemSynchronizedGroups = (
				84E30D1B2EDB75EE004A2614 /* JustForMeTests */,
			);
			name = JustForMeTests;
			packageProductDependencies = (
			);
			productName = JustForMeTests;
			productReference = 84E30D182EDB75EE004A2614 /* JustForMeTests.xctest */;
			productType = "com.apple.product-type.bundle.unit-test";
		};
		84E30D212EDB75EE004A2614 /* JustForMeUITests */ = {
			isa = PBXNativeTarget;
			buildConfigurationList = 84E30D332EDB75EE004A2614 /* Build configuration list for PBXNativeTarget "JustForMeUITests" */;
			buildPhases = (
				84E30D1E2EDB75EE004A2614 /* Sources */,
				84E30D1F2EDB75EE004A2614 /* Frameworks */,
				84E30D202EDB75EE004A2614 /* Resources */,
			);
			buildRules = (
			);
			dependencies = (
				84E30D242EDB75EE004A2614 /* PBXTargetDependency */,
			);
			fileSystemSynchronizedGroups = (
				84E30D252EDB75EE004A2614 /* JustForMeUITests */,
			);
			name = JustForMeUITests;
			packageProductDependencies = (
			);
			productName = JustForMeUITests;
			productReference = 84E30D222EDB75EE004A2614 /* JustForMeUITests.xctest */;
			productType = "com.apple.product-type.bundle.ui-testing";
		};
/* End PBXNativeTarget section */

/* Begin PBXProject section */
		84E30CFA2EDB75EC004A2614 /* Project object */ = {
			isa = PBXProject;
			attributes = {
				BuildIndependentTargetsInParallel = 1;
				LastSwiftUpdateCheck = 1640;
				LastUpgradeCheck = 1640;
				TargetAttributes = {
					84E30D012EDB75ED004A2614 = {
						CreatedOnToolsVersion = 16.4;
					};
					84E30D172EDB75EE004A2614 = {
						CreatedOnToolsVersion = 16.4;
						TestTargetID = 84E30D012EDB75ED004A2614;
					};
					84E30D212EDB75EE004A2614 = {
						CreatedOnToolsVersion = 16.4;
						TestTargetID = 84E30D012EDB75ED004A2614;
					};
				};
			};
			buildConfigurationList = 84E30CFD2EDB75EC004A2614 /* Build configuration list for PBXProject "JustForMe" */;
			developmentRegion = en;
			hasScannedForEncodings = 0;
			knownRegions = (
				en,
				Base,
			);
			mainGroup = 84E30CF92EDB75EC004A2614;
			minimizedProjectReferenceProxies = 1;
			preferredProjectObjectVersion = 77;
			productRefGroup = 84E30D032EDB75ED004A2614 /* Products */;
			projectDirPath = "";
			projectRoot = "";
			targets = (
				84E30D012EDB75ED004A2614 /* JustForMe */,
				84E30D172EDB75EE004A2614 /* JustForMeTests */,
				84E30D212EDB75EE004A2614 /* JustForMeUITests */,
			);
		};
/* End PBXProject section */

/* Begin PBXResourcesBuildPhase section */
		84E30D002EDB75ED004A2614 /* Resources */ = {
			isa = PBXResourcesBuildPhase;
			buildActionMask = 2147483647;
			files = (
			);
			runOnlyForDeploymentPostprocessing = 0;
		};
		84E30D162EDB75EE004A2614 /* Resources */ = {
			isa = PBXResourcesBuildPhase;
			buildActionMask = 2147483647;
			files = (
			);
			runOnlyForDeploymentPostprocessing = 0;
		};
		84E30D202EDB75EE004A2614 /* Resources */ = {
			isa = PBXResourcesBuildPhase;
			buildActionMask = 2147483647;
			files = (
			);
			runOnlyForDeploymentPostprocessing = 0;
		};
/* End PBXResourcesBuildPhase section */

/* Begin PBXSourcesBuildPhase section */
		84E30CFE2EDB75ED004A2614 /* Sources */ = {
			isa = PBXSourcesBuildPhase;
			buildActionMask = 2147483647;
			files = (
			);
			runOnlyForDeploymentPostprocessing = 0;
		};
		84E30D142EDB75EE004A2614 /* Sources */ = {
			isa = PBXSourcesBuildPhase;
			buildActionMask = 2147483647;
			files = (
			);
			runOnlyForDeploymentPostprocessing = 0;
		};
		84E30D1E2EDB75EE004A2614 /* Sources */ = {
			isa = PBXSourcesBuildPhase;
			buildActionMask = 2147483647;
			files = (
			);
			runOnlyForDeploymentPostprocessing = 0;
		};
/* End PBXSourcesBuildPhase section */

/* Begin PBXTargetDependency section */
		84E30D1A2EDB75EE004A2614 /* PBXTargetDependency */ = {
			isa = PBXTargetDependency;
			target = 84E30D012EDB75ED004A2614 /* JustForMe */;
			targetProxy = 84E30D192EDB75EE004A2614 /* PBXContainerItemProxy */;
		};
		84E30D242EDB75EE004A2614 /* PBXTargetDependency */ = {
			isa = PBXTargetDependency;
			target = 84E30D012EDB75ED004A2614 /* JustForMe */;
			targetProxy = 84E30D232EDB75EE004A2614 /* PBXContainerItemProxy */;
		};
/* End PBXTargetDependency section */

/* Begin XCBuildConfiguration section */
		84E30D2C2EDB75EE004A2614 /* Debug */ = {
			isa = XCBuildConfiguration;
			buildSettings = {
				ASSETCATALOG_COMPILER_APPICON_NAME = AppIcon;
				ASSETCATALOG_COMPILER_GLOBAL_ACCENT_COLOR_NAME = AccentColor;
				CODE_SIGN_STYLE = Automatic;
				CURRENT_PROJECT_VERSION = 1;
				GENERATE_INFOPLIST_FILE = YES;
				INFOPLIST_FILE = JustForMe/Info.plist;
				INFOPLIST_KEY_UIApplicationSupportsIndirectInputEvents = YES;
				INFOPLIST_KEY_UILaunchStoryboardName = LaunchScreen;
				INFOPLIST_KEY_UIMainStoryboardFile = Main;
				INFOPLIST_KEY_UISupportedInterfaceOrientations_iPad = "UIInterfaceOrientationPortrait UIInterfaceOrientationPortraitUpsideDown UIInterfaceOrientationLandscapeLeft UIInterfaceOrientationLandscapeRight";
				INFOPLIST_KEY_UISupportedInterfaceOrientations_iPhone = "UIInterfaceOrientationPortrait UIInterfaceOrientationLandscapeLeft UIInterfaceOrientationLandscapeRight";
				LD_RUNPATH_SEARCH_PATHS = (
					"$(inherited)",
					"@executable_path/Frameworks",
				);
				MARKETING_VERSION = 1.0;
				PRODUCT_BUNDLE_IDENTIFIER = com.diana.JustForMe;
				PRODUCT_NAME = "$(TARGET_NAME)";
				SWIFT_EMIT_LOC_STRINGS = YES;
				SWIFT_VERSION = 5.0;
				TARGETED_DEVICE_FAMILY = "1,2";
			};
			name = Debug;
		};
		84E30D2D2EDB75EE004A2614 /* Release */ = {
			isa = XCBuildConfiguration;
			buildSettings = {
				ASSETCATALOG_COMPILER_APPICON_NAME = AppIcon;
				ASSETCATALOG_COMPILER_GLOBAL_ACCENT_COLOR_NAME = AccentColor;
				CODE_SIGN_STYLE = Automatic;
				CURRENT_PROJECT_VERSION = 1;
				GENERATE_INFOPLIST_FILE = YES;
				INFOPLIST_FILE = JustForMe/Info.plist;
				INFOPLIST_KEY_UIApplicationSupportsIndirectInputEvents = YES;
				INFOPLIST_KEY_UILaunchStoryboardName = LaunchScreen;
				INFOPLIST_KEY_UIMainStoryboardFile = Main;
				INFOPLIST_KEY_UISupportedInterfaceOrientations_iPad = "UIInterfaceOrientationPortrait UIInterfaceOrientationPortraitUpsideDown UIInterfaceOrientationLandscapeLeft UIInterfaceOrientationLandscapeRight";
				INFOPLIST_KEY_UISupportedInterfaceOrientations_iPhone = "UIInterfaceOrientationPortrait UIInterfaceOrientationLandscapeLeft UIInterfaceOrientationLandscapeRight";
				LD_RUNPATH_SEARCH_PATHS = (
					"$(inherited)",
					"@executable_path/Frameworks",
				);
				MARKETING_VERSION = 1.0;
				PRODUCT_BUNDLE_IDENTIFIER = com.diana.JustForMe;
				PRODUCT_NAME = "$(TARGET_NAME)";
				SWIFT_EMIT_LOC_STRINGS = YES;
				SWIFT_VERSION = 5.0;
				TARGETED_DEVICE_FAMILY = "1,2";
			};
			name = Release;
		};
		84E30D2E2EDB75EE004A2614 /* Debug */ = {
			isa = XCBuildConfiguration;
			buildSettings = {
				ALWAYS_SEARCH_USER_PATHS = NO;
				ASSETCATALOG_COMPILER_GENERATE_SWIFT_ASSET_SYMBOL_EXTENSIONS = YES;
				CLANG_ANALYZER_NONNULL = YES;
				CLANG_ANALYZER_NUMBER_OBJECT_CONVERSION = YES_AGGRESSIVE;
				CLANG_CXX_LANGUAGE_STANDARD = "gnu++20";
				CLANG_ENABLE_MODULES = YES;
				CLANG_ENABLE_OBJC_ARC = YES;
				CLANG_ENABLE_OBJC_WEAK = YES;
				CLANG_WARN_BLOCK_CAPTURE_AUTORELEASING = YES;
				CLANG_WARN_BOOL_CONVERSION = YES;
				CLANG_WARN_COMMA = YES;
				CLANG_WARN_CONSTANT_CONVERSION = YES;
				CLANG_WARN_DEPRECATED_OBJC_IMPLEMENTATIONS = YES;
				CLANG_WARN_DIRECT_OBJC_ISA_USAGE = YES_ERROR;
				CLANG_WARN_DOCUMENTATION_COMMENTS = YES;
				CLANG_WARN_EMPTY_BODY = YES;
				CLANG_WARN_ENUM_CONVERSION = YES;
				CLANG_WARN_INFINITE_RECURSION = YES;
				CLANG_WARN_INT_CONVERSION = YES;
				CLANG_WARN_NON_LITERAL_NULL_CONVERSION = YES;
				CLANG_WARN_OBJC_IMPLICIT_RETAIN_SELF = YES;
				CLANG_WARN_OBJC_LITERAL_CONVERSION = YES;
				CLANG_WARN_OBJC_ROOT_CLASS = YES_ERROR;
				CLANG_WARN_QUOTED_INCLUDE_IN_FRAMEWORK_HEADER = YES;
				CLANG_WARN_RANGE_LOOP_ANALYSIS = YES;
				CLANG_WARN_STRICT_PROTOTYPES = YES;
				CLANG_WARN_SUSPICIOUS_MOVE = YES;
				CLANG_WARN_UNGUARDED_AVAILABILITY = YES_AGGRESSIVE;
				CLANG_WARN_UNREACHABLE_CODE = YES;
				CLANG_WARN__DUPLICATE_METHOD_MATCH = YES;
				COPY_PHASE_STRIP = NO;
				DEBUG_INFORMATION_FORMAT = dwarf;
				ENABLE_STRICT_OBJC_MSGSEND = YES;
				ENABLE_TESTABILITY = YES;
				ENABLE_USER_SCRIPT_SANDBOXING = YES;
				GCC_C_LANGUAGE_STANDARD = gnu17;
				GCC_DYNAMIC_NO_PIC = NO;
				GCC_NO_COMMON_BLOCKS = YES;
				GCC_OPTIMIZATION_LEVEL = 0;
				GCC_PREPROCESSOR_DEFINITIONS = (
					"DEBUG=1",
					"$(inherited)",
				);
				GCC_WARN_64_TO_32_BIT_CONVERSION = YES;
				GCC_WARN_ABOUT_RETURN_TYPE = YES_ERROR;
				GCC_WARN_UNDECLARED_SELECTOR = YES;
				GCC_WARN_UNINITIALIZED_AUTOS = YES_AGGRESSIVE;
				GCC_WARN_UNUSED_FUNCTION = YES;
				GCC_WARN_UNUSED_VARIABLE = YES;
				IPHONEOS_DEPLOYMENT_TARGET = 18.5;
				LOCALIZATION_PREFERS_STRING_CATALOGS = YES;
				MTL_ENABLE_DEBUG_INFO = INCLUDE_SOURCE;
				MTL_FAST_MATH = YES;
				ONLY_ACTIVE_ARCH = YES;
				SDKROOT = iphoneos;
				SWIFT_ACTIVE_COMPILATION_CONDITIONS = "DEBUG $(inherited)";
				SWIFT_OPTIMIZATION_LEVEL = "-Onone";
			};
			name = Debug;
		};
		84E30D2F2EDB75EE004A2614 /* Release */ = {
			isa = XCBuildConfiguration;
			buildSettings = {
				ALWAYS_SEARCH_USER_PATHS = NO;
				ASSETCATALOG_COMPILER_GENERATE_SWIFT_ASSET_SYMBOL_EXTENSIONS = YES;
				CLANG_ANALYZER_NONNULL = YES;
				CLANG_ANALYZER_NUMBER_OBJECT_CONVERSION = YES_AGGRESSIVE;
				CLANG_CXX_LANGUAGE_STANDARD = "gnu++20";
				CLANG_ENABLE_MODULES = YES;
				CLANG_ENABLE_OBJC_ARC = YES;
				CLANG_ENABLE_OBJC_WEAK = YES;
				CLANG_WARN_BLOCK_CAPTURE_AUTORELEASING = YES;
				CLANG_WARN_BOOL_CONVERSION = YES;
				CLANG_WARN_COMMA = YES;
				CLANG_WARN_CONSTANT_CONVERSION = YES;
				CLANG_WARN_DEPRECATED_OBJC_IMPLEMENTATIONS = YES;
				CLANG_WARN_DIRECT_OBJC_ISA_USAGE = YES_ERROR;
				CLANG_WARN_DOCUMENTATION_COMMENTS = YES;
				CLANG_WARN_EMPTY_BODY = YES;
				CLANG_WARN_ENUM_CONVERSION = YES;
				CLANG_WARN_INFINITE_RECURSION = YES;
				CLANG_WARN_INT_CONVERSION = YES;
				CLANG_WARN_NON_LITERAL_NULL_CONVERSION = YES;
				CLANG_WARN_OBJC_IMPLICIT_RETAIN_SELF = YES;
				CLANG_WARN_OBJC_LITERAL_CONVERSION = YES;
				CLANG_WARN_OBJC_ROOT_CLASS = YES_ERROR;
				CLANG_WARN_QUOTED_INCLUDE_IN_FRAMEWORK_HEADER = YES;
				CLANG_WARN_RANGE_LOOP_ANALYSIS = YES;
				CLANG_WARN_STRICT_PROTOTYPES = YES;
				CLANG_WARN_SUSPICIOUS_MOVE = YES;
				CLANG_WARN_UNGUARDED_AVAILABILITY = YES_AGGRESSIVE;
				CLANG_WARN_UNREACHABLE_CODE = YES;
				CLANG_WARN__DUPLICATE_METHOD_MATCH = YES;
				COPY_PHASE_STRIP = NO;
				DEBUG_INFORMATION_FORMAT = "dwarf-with-dsym";
				ENABLE_NS_ASSERTIONS = NO;
				ENABLE_STRICT_OBJC_MSGSEND = YES;
				ENABLE_USER_SCRIPT_SANDBOXING = YES;
				GCC_C_LANGUAGE_STANDARD = gnu17;
				GCC_NO_COMMON_BLOCKS = YES;
				GCC_WARN_64_TO_32_BIT_CONVERSION = YES;
				GCC_WARN_ABOUT_RETURN_TYPE = YES_ERROR;
				GCC_WARN_UNDECLARED_SELECTOR = YES;
				GCC_WARN_UNINITIALIZED_AUTOS = YES_AGGRESSIVE;
				GCC_WARN_UNUSED_FUNCTION = YES;
				GCC_WARN_UNUSED_VARIABLE = YES;
				IPHONEOS_DEPLOYMENT_TARGET = 18.5;
				LOCALIZATION_PREFERS_STRING_CATALOGS = YES;
				MTL_ENABLE_DEBUG_INFO = NO;
				MTL_FAST_MATH = YES;
				SDKROOT = iphoneos;
				SWIFT_COMPILATION_MODE = wholemodule;
				VALIDATE_PRODUCT = YES;
			};
			name = Release;
		};
		84E30D312EDB75EE004A2614 /* Debug */ = {
			isa = XCBuildConfiguration;
			buildSettings = {
				BUNDLE_LOADER = "$(TEST_HOST)";
				CODE_SIGN_STYLE = Automatic;
				CURRENT_PROJECT_VERSION = 1;
				GENERATE_INFOPLIST_FILE = YES;
				IPHONEOS_DEPLOYMENT_TARGET = 18.5;
				MARKETING_VERSION = 1.0;
				PRODUCT_BUNDLE_IDENTIFIER = com.diana.JustForMeTests;
				PRODUCT_NAME = "$(TARGET_NAME)";
				SWIFT_EMIT_LOC_STRINGS = NO;
				SWIFT_VERSION = 5.0;
				TARGETED_DEVICE_FAMILY = "1,2";
				TEST_HOST = "$(BUILT_PRODUCTS_DIR)/JustForMe.app/$(BUNDLE_EXECUTABLE_FOLDER_PATH)/JustForMe";
			};
			name = Debug;
		};
		84E30D322EDB75EE004A2614 /* Release */ = {
			isa = XCBuildConfiguration;
			buildSettings = {
				BUNDLE_LOADER = "$(TEST_HOST)";
				CODE_SIGN_STYLE = Automatic;
				CURRENT_PROJECT_VERSION = 1;
				GENERATE_INFOPLIST_FILE = YES;
				IPHONEOS_DEPLOYMENT_TARGET = 18.5;
				MARKETING_VERSION = 1.0;
				PRODUCT_BUNDLE_IDENTIFIER = com.diana.JustForMeTests;
				PRODUCT_NAME = "$(TARGET_NAME)";
				SWIFT_EMIT_LOC_STRINGS = NO;
				SWIFT_VERSION = 5.0;
				TARGETED_DEVICE_FAMILY = "1,2";
				TEST_HOST = "$(BUILT_PRODUCTS_DIR)/JustForMe.app/$(BUNDLE_EXECUTABLE_FOLDER_PATH)/JustForMe";
			};
			name = Release;
		};
		84E30D342EDB75EE004A2614 /* Debug */ = {
			isa = XCBuildConfiguration;
			buildSettings = {
				CODE_SIGN_STYLE = Automatic;
				CURRENT_PROJECT_VERSION = 1;
				GENERATE_INFOPLIST_FILE = YES;
				MARKETING_VERSION = 1.0;
				PRODUCT_BUNDLE_IDENTIFIER = com.diana.JustForMeUITests;
				PRODUCT_NAME = "$(TARGET_NAME)";
				SWIFT_EMIT_LOC_STRINGS = NO;
				SWIFT_VERSION = 5.0;
				TARGETED_DEVICE_FAMILY = "1,2";
				TEST_TARGET_NAME = JustForMe;
			};
			name = Debug;
		};
		84E30D352EDB75EE004A2614 /* Release */ = {
			isa = XCBuildConfiguration;
			buildSettings = {
				CODE_SIGN_STYLE = Automatic;
				CURRENT_PROJECT_VERSION = 1;
				GENERATE_INFOPLIST_FILE = YES;
				MARKETING_VERSION = 1.0;
				PRODUCT_BUNDLE_IDENTIFIER = com.diana.JustForMeUITests;
				PRODUCT_NAME = "$(TARGET_NAME)";
				SWIFT_EMIT_LOC_STRINGS = NO;
				SWIFT_VERSION = 5.0;
				TARGETED_DEVICE_FAMILY = "1,2";
				TEST_TARGET_NAME = JustForMe;
			};
			name = Release;
		};
/* End XCBuildConfiguration section */

/* Begin XCConfigurationList section */
		84E30CFD2EDB75EC004A2614 /* Build configuration list for PBXProject "JustForMe" */ = {
			isa = XCConfigurationList;
			buildConfigurations = (
				84E30D2E2EDB75EE004A2614 /* Debug */,
				84E30D2F2EDB75EE004A2614 /* Release */,
			);
			defaultConfigurationIsVisible = 0;
			defaultConfigurationName = Release;
		};
		84E30D2B2EDB75EE004A2614 /* Build configuration list for PBXNativeTarget "JustForMe" */ = {
			isa = XCConfigurationList;
			buildConfigurations = (
				84E30D2C2EDB75EE004A2614 /* Debug */,
				84E30D2D2EDB75EE004A2614 /* Release */,
			);
			defaultConfigurationIsVisible = 0;
			defaultConfigurationName = Release;
		};
		84E30D302EDB75EE004A2614 /* Build configuration list for PBXNativeTarget "JustForMeTests" */ = {
			isa = XCConfigurationList;
			buildConfigurations = (
				84E30D312EDB75EE004A2614 /* Debug */,
				84E30D322EDB75EE004A2614 /* Release */,
			);
			defaultConfigurationIsVisible = 0;
			defaultConfigurationName = Release;
		};
		84E30D332EDB75EE004A2614 /* Build configuration list for PBXNativeTarget "JustForMeUITests" */ = {
			isa = XCConfigurationList;
			buildConfigurations = (
				84E30D342EDB75EE004A2614 /* Debug */,
				84E30D352EDB75EE004A2614 /* Release */,
			);
			defaultConfigurationIsVisible = 0;
			defaultConfigurationName = Release;
		};
/* End XCConfigurationList section */
	};
	rootObject = 84E30CFA2EDB75EC004A2614 /* Project object */;
}
